
Microsoft Visual Studio Solution File, Format Version 11.00
# Visual Studio 2010
Project("{FAE04EC0-301F-11D3-BF4B-00C04F79EFBC}") = "SalesOrdersReport", "SalesOrdersReport.csproj", "{942C7724-0535-491A-9247-F9350A670C4D}"
EndProject
Project("{54435603-DBB4-11D2-8724-00A0C9A8B90C}") = "SetupProject", "SetupProject\SetupProject.vdproj", "{F02003C5-1A2D-4E1A-8FE3-A3F7A86E0B11}"
EndProject
Global
	GlobalSection(SolutionConfigurationPlatforms) = preSolution
		Debug|x86 = Debug|x86
		Release|x86 = Release|x86
	EndGlobalSection
	GlobalSection(ProjectConfigurationPlatforms) = postSolution
		{942C7724-0535-491A-9247-F9350A670C4D}.Debug|x86.ActiveCfg = Debug|x86
		{942C7724-0535-491A-9247-F9350A670C4D}.Debug|x86.Build.0 = Debug|x86
		{942C7724-0535-491A-9247-F9350A670C4D}.Release|x86.ActiveCfg = Release|x86
		{942C7724-0535-491A-9247-F9350A670C4D}.Release|x86.Build.0 = Release|x86
		{F02003C5-1A2D-4E1A-8FE3-A3F7A86E0B11}.Debug|x86.ActiveCfg = Debug
		{F02003C5-1A2D-4E1A-8FE3-A3F7A86E0B11}.Release|x86.ActiveCfg = Release
	EndGlobalSection
	GlobalSection(SolutionProperties) = preSolution
		HideSolutionNode = FALSE
	EndGlobalSection
EndGlobal
