
Microsoft Visual Studio Solution File, Format Version 11.00
# Visual Studio 2010
Project("{FAE04EC0-301F-11D3-BF4B-00C04F79EFBC}") = "SalesOrdersReport", "SalesOrdersReport.csproj", "{942C7724-0535-491A-9247-F9350A670C4D}"
EndProject
Project("{54435603-DBB4-11D2-8724-00A0C9A8B90C}") = "SetupProject", "SetupProject\SetupProject.vdproj", "{F02003C5-1A2D-4E1A-8FE3-A3F7A86E0B11}"
	ProjectSection(ProjectDependencies) = postProject
		{6F467268-1809-4AD6-9BD8-2D980D8A5951} = {6F467268-1809-4AD6-9BD8-2D980D8A5951}
	EndProjectSection
EndProject
Project("{FAE04EC0-301F-11D3-BF4B-00C04F79EFBC}") = "SalesOrdersExcelToolPack", "SalesOrdersExcelToolPack\SalesOrdersExcelToolPack.csproj", "{6F467268-1809-4AD6-9BD8-2D980D8A5951}"
EndProject
Global
	GlobalSection(SolutionConfigurationPlatforms) = preSolution
		Debug|Any CPU = Debug|Any CPU
		Debug|Mixed Platforms = Debug|Mixed Platforms
		Debug|x86 = Debug|x86
		Release|Any CPU = Release|Any CPU
		Release|Mixed Platforms = Release|Mixed Platforms
		Release|x86 = Release|x86
	EndGlobalSection
	GlobalSection(ProjectConfigurationPlatforms) = postSolution
		{942C7724-0535-491A-9247-F9350A670C4D}.Debug|Any CPU.ActiveCfg = Debug|x86
		{942C7724-0535-491A-9247-F9350A670C4D}.Debug|Mixed Platforms.ActiveCfg = Debug|x86
		{942C7724-0535-491A-9247-F9350A670C4D}.Debug|Mixed Platforms.Build.0 = Debug|x86
		{942C7724-0535-491A-9247-F9350A670C4D}.Debug|x86.ActiveCfg = Debug|x86
		{942C7724-0535-491A-9247-F9350A670C4D}.Debug|x86.Build.0 = Debug|x86
		{942C7724-0535-491A-9247-F9350A670C4D}.Release|Any CPU.ActiveCfg = Release|x86
		{942C7724-0535-491A-9247-F9350A670C4D}.Release|Mixed Platforms.ActiveCfg = Release|x86
		{942C7724-0535-491A-9247-F9350A670C4D}.Release|Mixed Platforms.Build.0 = Release|x86
		{942C7724-0535-491A-9247-F9350A670C4D}.Release|x86.ActiveCfg = Release|x86
		{942C7724-0535-491A-9247-F9350A670C4D}.Release|x86.Build.0 = Release|x86
		{F02003C5-1A2D-4E1A-8FE3-A3F7A86E0B11}.Debug|Any CPU.ActiveCfg = Debug
		{F02003C5-1A2D-4E1A-8FE3-A3F7A86E0B11}.Debug|Any CPU.Build.0 = Debug
		{F02003C5-1A2D-4E1A-8FE3-A3F7A86E0B11}.Debug|Mixed Platforms.ActiveCfg = Debug
		{F02003C5-1A2D-4E1A-8FE3-A3F7A86E0B11}.Debug|Mixed Platforms.Build.0 = Debug
		{F02003C5-1A2D-4E1A-8FE3-A3F7A86E0B11}.Debug|x86.ActiveCfg = Debug
		{F02003C5-1A2D-4E1A-8FE3-A3F7A86E0B11}.Release|Any CPU.ActiveCfg = Release
		{F02003C5-1A2D-4E1A-8FE3-A3F7A86E0B11}.Release|Any CPU.Build.0 = Release
		{F02003C5-1A2D-4E1A-8FE3-A3F7A86E0B11}.Release|Mixed Platforms.ActiveCfg = Release
		{F02003C5-1A2D-4E1A-8FE3-A3F7A86E0B11}.Release|Mixed Platforms.Build.0 = Release
		{F02003C5-1A2D-4E1A-8FE3-A3F7A86E0B11}.Release|x86.ActiveCfg = Release
		{6F467268-1809-4AD6-9BD8-2D980D8A5951}.Debug|Any CPU.ActiveCfg = Debug|Any CPU
		{6F467268-1809-4AD6-9BD8-2D980D8A5951}.Debug|Any CPU.Build.0 = Debug|Any CPU
		{6F467268-1809-4AD6-9BD8-2D980D8A5951}.Debug|Mixed Platforms.ActiveCfg = Debug|Any CPU
		{6F467268-1809-4AD6-9BD8-2D980D8A5951}.Debug|Mixed Platforms.Build.0 = Debug|Any CPU
		{6F467268-1809-4AD6-9BD8-2D980D8A5951}.Debug|x86.ActiveCfg = Debug|Any CPU
		{6F467268-1809-4AD6-9BD8-2D980D8A5951}.Release|Any CPU.ActiveCfg = Release|Any CPU
		{6F467268-1809-4AD6-9BD8-2D980D8A5951}.Release|Any CPU.Build.0 = Release|Any CPU
		{6F467268-1809-4AD6-9BD8-2D980D8A5951}.Release|Mixed Platforms.ActiveCfg = Release|Any CPU
		{6F467268-1809-4AD6-9BD8-2D980D8A5951}.Release|Mixed Platforms.Build.0 = Release|Any CPU
		{6F467268-1809-4AD6-9BD8-2D980D8A5951}.Release|x86.ActiveCfg = Release|Any CPU
		{6F467268-1809-4AD6-9BD8-2D980D8A5951}.Release|x86.Build.0 = Release|Any CPU
	EndGlobalSection
	GlobalSection(SolutionProperties) = preSolution
		HideSolutionNode = FALSE
	EndGlobalSection
EndGlobal
